{
  "version": 4,
  "terraform_version": "1.8.2",
  "serial": 60,
  "lineage": "c6bca328-e50d-363d-f26e-ff9e8b2349db",
  "outputs": {},
  "resources": [
    {
      "mode": "data",
      "type": "aws_ssm_parameter",
      "name": "cart-security_group_id",
      "provider": "provider[\"registry.terraform.io/hashicorp/aws\"]",
      "instances": [
        {
          "schema_version": 0,
          "attributes": {
            "arn": "arn:aws:ssm:us-east-1:447380103880:parameter/roboshop/dev/cart-sg-id",
            "id": "/roboshop/dev/cart-sg-id",
            "insecure_value": "sg-0c7bd4188aa71f491",
            "name": "/roboshop/dev/cart-sg-id",
            "type": "String",
            "value": "sg-0c7bd4188aa71f491",
            "version": 1,
            "with_decryption": true
          },
          "sensitive_attributes": [
            [
              {
                "type": "get_attr",
                "value": "value"
              }
            ]
          ]
        }
      ]
    },
    {
      "mode": "data",
      "type": "aws_ssm_parameter",
      "name": "load_balancer_arn",
      "provider": "provider[\"registry.terraform.io/hashicorp/aws\"]",
      "instances": [
        {
          "schema_version": 0,
          "attributes": {
            "arn": "arn:aws:ssm:us-east-1:447380103880:parameter/roboshop/dev/app_lb_arn",
            "id": "/roboshop/dev/app_lb_arn",
            "insecure_value": "arn:aws:elasticloadbalancing:us-east-1:447380103880:listener/app/roboshop-dev-app-lb/56348e7cded302fb/a70d59248267c70b",
            "name": "/roboshop/dev/app_lb_arn",
            "type": "String",
            "value": "arn:aws:elasticloadbalancing:us-east-1:447380103880:listener/app/roboshop-dev-app-lb/56348e7cded302fb/a70d59248267c70b",
            "version": 1,
            "with_decryption": true
          },
          "sensitive_attributes": [
            [
              {
                "type": "get_attr",
                "value": "value"
              }
            ]
          ]
        }
      ]
    },
    {
      "mode": "data",
      "type": "aws_ssm_parameter",
      "name": "private_subnet_id",
      "provider": "provider[\"registry.terraform.io/hashicorp/aws\"]",
      "instances": [
        {
          "schema_version": 0,
          "attributes": {
            "arn": "arn:aws:ssm:us-east-1:447380103880:parameter/roboshop/dev/private_subnet_id",
            "id": "/roboshop/dev/private_subnet_id",
            "insecure_value": "subnet-006e79ced74d90d5e,subnet-015f8b0976b59256d",
            "name": "/roboshop/dev/private_subnet_id",
            "type": "StringList",
            "value": "subnet-006e79ced74d90d5e,subnet-015f8b0976b59256d",
            "version": 1,
            "with_decryption": true
          },
          "sensitive_attributes": [
            [
              {
                "type": "get_attr",
                "value": "value"
              }
            ]
          ]
        }
      ]
    },
    {
      "mode": "data",
      "type": "aws_ssm_parameter",
      "name": "vpc_id",
      "provider": "provider[\"registry.terraform.io/hashicorp/aws\"]",
      "instances": [
        {
          "schema_version": 0,
          "attributes": {
            "arn": "arn:aws:ssm:us-east-1:447380103880:parameter/roboshop/dev/vpc_id",
            "id": "/roboshop/dev/vpc_id",
            "insecure_value": "vpc-0f159dc37db61e5cd",
            "name": "/roboshop/dev/vpc_id",
            "type": "String",
            "value": "vpc-0f159dc37db61e5cd",
            "version": 1,
            "with_decryption": true
          },
          "sensitive_attributes": [
            [
              {
                "type": "get_attr",
                "value": "value"
              }
            ]
          ]
        }
      ]
    },
    {
      "module": "module.cart",
      "mode": "data",
      "type": "aws_ami",
      "name": "centos8",
      "provider": "provider[\"registry.terraform.io/hashicorp/aws\"]",
      "instances": [
        {
          "schema_version": 0,
          "attributes": {
            "architecture": "x86_64",
            "arn": "arn:aws:ec2:us-east-1::image/ami-0f3c7d07486cad139",
            "block_device_mappings": [
              {
                "device_name": "/dev/sda1",
                "ebs": {
                  "delete_on_termination": "true",
                  "encrypted": "false",
                  "iops": "0",
                  "snapshot_id": "snap-0d6f9619f60dd21cb",
                  "throughput": "0",
                  "volume_size": "10",
                  "volume_type": "gp2"
                },
                "no_device": "",
                "virtual_name": ""
              }
            ],
            "boot_mode": "",
            "creation_date": "2024-01-16T13:22:50.000Z",
            "deprecation_time": "2026-01-16T13:22:50.000Z",
            "description": "",
            "ena_support": true,
            "executable_users": null,
            "filter": [
              {
                "name": "name",
                "values": [
                  "Centos-8-DevOps-Practice"
                ]
              },
              {
                "name": "root-device-type",
                "values": [
                  "ebs"
                ]
              },
              {
                "name": "virtualization-type",
                "values": [
                  "hvm"
                ]
              }
            ],
            "hypervisor": "xen",
            "id": "ami-0f3c7d07486cad139",
            "image_id": "ami-0f3c7d07486cad139",
            "image_location": "973714476881/Centos-8-DevOps-Practice",
            "image_owner_alias": "",
            "image_type": "machine",
            "imds_support": "",
            "include_deprecated": false,
            "kernel_id": "",
            "most_recent": true,
            "name": "Centos-8-DevOps-Practice",
            "name_regex": null,
            "owner_id": "973714476881",
            "owners": [
              "973714476881"
            ],
            "platform": "",
            "platform_details": "Linux/UNIX",
            "product_codes": [],
            "public": true,
            "ramdisk_id": "",
            "root_device_name": "/dev/sda1",
            "root_device_type": "ebs",
            "root_snapshot_id": "snap-0d6f9619f60dd21cb",
            "sriov_net_support": "",
            "state": "available",
            "state_reason": {
              "code": "UNSET",
              "message": "UNSET"
            },
            "tags": {},
            "timeouts": null,
            "tpm_support": "",
            "usage_operation": "RunInstances",
            "virtualization_type": "hvm"
          },
          "sensitive_attributes": []
        }
      ]
    },
    {
      "module": "module.cart",
      "mode": "managed",
      "type": "aws_lb_listener_rule",
      "name": "Component",
      "provider": "provider[\"registry.terraform.io/hashicorp/aws\"]",
      "instances": [
        {
          "schema_version": 0,
          "attributes": {
            "action": [
              {
                "authenticate_cognito": [],
                "authenticate_oidc": [],
                "fixed_response": [],
                "forward": [],
                "order": 1,
                "redirect": [],
                "target_group_arn": "arn:aws:elasticloadbalancing:us-east-1:447380103880:targetgroup/roboshop-dev-cart/32c69f4a0b2aab29",
                "type": "forward"
              }
            ],
            "arn": "arn:aws:elasticloadbalancing:us-east-1:447380103880:listener-rule/app/roboshop-dev-app-lb/56348e7cded302fb/a70d59248267c70b/646ef3ada3c792f2",
            "condition": [
              {
                "host_header": [
                  {
                    "values": [
                      "cart.app-dev.jasritha.tech"
                    ]
                  }
                ],
                "http_header": [],
                "http_request_method": [],
                "path_pattern": [],
                "query_string": [],
                "source_ip": []
              }
            ],
            "id": "arn:aws:elasticloadbalancing:us-east-1:447380103880:listener-rule/app/roboshop-dev-app-lb/56348e7cded302fb/a70d59248267c70b/646ef3ada3c792f2",
            "listener_arn": "arn:aws:elasticloadbalancing:us-east-1:447380103880:listener/app/roboshop-dev-app-lb/56348e7cded302fb/a70d59248267c70b",
            "priority": 40,
            "tags": {},
            "tags_all": {}
          },
          "sensitive_attributes": [
            [
              {
                "type": "get_attr",
                "value": "listener_arn"
              }
            ]
          ],
          "private": "bnVsbA==",
          "dependencies": [
            "data.aws_ssm_parameter.load_balancer_arn",
            "data.aws_ssm_parameter.vpc_id",
            "module.cart.aws_lb_target_group.Component"
          ]
        }
      ]
    },
    {
      "module": "module.cart",
      "mode": "managed",
      "type": "aws_lb_target_group",
      "name": "Component",
      "provider": "provider[\"registry.terraform.io/hashicorp/aws\"]",
      "instances": [
        {
          "schema_version": 0,
          "attributes": {
            "arn": "arn:aws:elasticloadbalancing:us-east-1:447380103880:targetgroup/roboshop-dev-cart/32c69f4a0b2aab29",
            "arn_suffix": "targetgroup/roboshop-dev-cart/32c69f4a0b2aab29",
            "connection_termination": null,
            "deregistration_delay": "60",
            "health_check": [
              {
                "enabled": true,
                "healthy_threshold": 2,
                "interval": 10,
                "matcher": "200-299",
                "path": "/health",
                "port": "8080",
                "protocol": "HTTP",
                "timeout": 5,
                "unhealthy_threshold": 3
              }
            ],
            "id": "arn:aws:elasticloadbalancing:us-east-1:447380103880:targetgroup/roboshop-dev-cart/32c69f4a0b2aab29",
            "ip_address_type": "ipv4",
            "lambda_multi_value_headers_enabled": false,
            "load_balancer_arns": [
              "arn:aws:elasticloadbalancing:us-east-1:447380103880:loadbalancer/app/roboshop-dev-app-lb/56348e7cded302fb"
            ],
            "load_balancing_algorithm_type": "round_robin",
            "load_balancing_anomaly_mitigation": "off",
            "load_balancing_cross_zone_enabled": "use_load_balancer_configuration",
            "name": "roboshop-dev-cart",
            "name_prefix": "",
            "port": 8080,
            "preserve_client_ip": null,
            "protocol": "HTTP",
            "protocol_version": "HTTP1",
            "proxy_protocol_v2": false,
            "slow_start": 0,
            "stickiness": [
              {
                "cookie_duration": 86400,
                "cookie_name": "",
                "enabled": false,
                "type": "lb_cookie"
              }
            ],
            "tags": {},
            "tags_all": {},
            "target_failover": [
              {
                "on_deregistration": null,
                "on_unhealthy": null
              }
            ],
            "target_health_state": [
              {
                "enable_unhealthy_connection_termination": null
              }
            ],
            "target_type": "instance",
            "vpc_id": "vpc-0f159dc37db61e5cd"
          },
          "sensitive_attributes": [
            [
              {
                "type": "get_attr",
                "value": "vpc_id"
              }
            ]
          ],
          "private": "bnVsbA==",
          "dependencies": [
            "data.aws_ssm_parameter.vpc_id"
          ]
        }
      ]
    },
    {
      "module": "module.cart",
      "mode": "managed",
      "type": "null_resource",
      "name": "Component",
      "provider": "provider[\"registry.terraform.io/hashicorp/null\"]",
      "instances": [
        {
          "status": "tainted",
          "schema_version": 0,
          "attributes": {
            "id": "769006878082465698",
            "triggers": {
              "instance_id": "i-010a53abf6c54ff50"
            }
          },
          "sensitive_attributes": [],
          "dependencies": [
            "data.aws_ssm_parameter.cart-security_group_id",
            "data.aws_ssm_parameter.private_subnet_id",
            "module.cart.data.aws_ami.centos8",
            "module.cart.module.Component.aws_iam_instance_profile.this",
            "module.cart.module.Component.aws_iam_role.this",
            "module.cart.module.Component.aws_instance.ignore_ami",
            "module.cart.module.Component.aws_instance.this",
            "module.cart.module.Component.aws_spot_instance_request.this",
            "module.cart.module.Component.data.aws_iam_policy_document.assume_role_policy",
            "module.cart.module.Component.data.aws_partition.current",
            "module.cart.module.Component.data.aws_ssm_parameter.this"
          ]
        }
      ]
    },
    {
      "module": "module.cart.module.Component",
      "mode": "data",
      "type": "aws_iam_policy_document",
      "name": "assume_role_policy",
      "provider": "provider[\"registry.terraform.io/hashicorp/aws\"]",
      "instances": []
    },
    {
      "module": "module.cart.module.Component",
      "mode": "data",
      "type": "aws_partition",
      "name": "current",
      "provider": "provider[\"registry.terraform.io/hashicorp/aws\"]",
      "instances": [
        {
          "schema_version": 0,
          "attributes": {
            "dns_suffix": "amazonaws.com",
            "id": "aws",
            "partition": "aws",
            "reverse_dns_prefix": "com.amazonaws"
          },
          "sensitive_attributes": []
        }
      ]
    },
    {
      "module": "module.cart.module.Component",
      "mode": "data",
      "type": "aws_ssm_parameter",
      "name": "this",
      "provider": "provider[\"registry.terraform.io/hashicorp/aws\"]",
      "instances": []
    },
    {
      "module": "module.cart.module.Component",
      "mode": "managed",
      "type": "aws_iam_instance_profile",
      "name": "this",
      "provider": "provider[\"registry.terraform.io/hashicorp/aws\"]",
      "instances": []
    },
    {
      "module": "module.cart.module.Component",
      "mode": "managed",
      "type": "aws_iam_role",
      "name": "this",
      "provider": "provider[\"registry.terraform.io/hashicorp/aws\"]",
      "instances": []
    },
    {
      "module": "module.cart.module.Component",
      "mode": "managed",
      "type": "aws_instance",
      "name": "ignore_ami",
      "provider": "provider[\"registry.terraform.io/hashicorp/aws\"]",
      "instances": []
    },
    {
      "module": "module.cart.module.Component",
      "mode": "managed",
      "type": "aws_instance",
      "name": "this",
      "provider": "provider[\"registry.terraform.io/hashicorp/aws\"]",
      "instances": [
        {
          "index_key": 0,
          "schema_version": 1,
          "attributes": {
            "ami": "ami-0f3c7d07486cad139",
            "arn": "arn:aws:ec2:us-east-1:447380103880:instance/i-010a53abf6c54ff50",
            "associate_public_ip_address": false,
            "availability_zone": "us-east-1a",
            "capacity_reservation_specification": [
              {
                "capacity_reservation_preference": "open",
                "capacity_reservation_target": []
              }
            ],
            "cpu_core_count": 1,
            "cpu_options": [
              {
                "amd_sev_snp": "",
                "core_count": 1,
                "threads_per_core": 1
              }
            ],
            "cpu_threads_per_core": 1,
            "credit_specification": [
              {
                "cpu_credits": "standard"
              }
            ],
            "disable_api_stop": false,
            "disable_api_termination": false,
            "ebs_block_device": [],
            "ebs_optimized": false,
            "enclave_options": [
              {
                "enabled": false
              }
            ],
            "ephemeral_block_device": [],
            "get_password_data": false,
            "hibernation": false,
            "host_id": "",
            "host_resource_group_arn": null,
            "iam_instance_profile": "terraform_admin_access",
            "id": "i-010a53abf6c54ff50",
            "instance_initiated_shutdown_behavior": "stop",
            "instance_lifecycle": "",
            "instance_market_options": [],
            "instance_state": "running",
            "instance_type": "t2.micro",
            "ipv6_address_count": 0,
            "ipv6_addresses": [],
            "key_name": "",
            "launch_template": [],
            "maintenance_options": [
              {
                "auto_recovery": "default"
              }
            ],
            "metadata_options": [
              {
                "http_endpoint": "enabled",
                "http_protocol_ipv6": "disabled",
                "http_put_response_hop_limit": 1,
                "http_tokens": "optional",
                "instance_metadata_tags": "disabled"
              }
            ],
            "monitoring": false,
            "network_interface": [],
            "outpost_arn": "",
            "password_data": "",
            "placement_group": "",
            "placement_partition_number": 0,
            "primary_network_interface_id": "eni-048cb642c0a975403",
            "private_dns": "ip-10-0-11-197.ec2.internal",
            "private_dns_name_options": [
              {
                "enable_resource_name_dns_a_record": false,
                "enable_resource_name_dns_aaaa_record": false,
                "hostname_type": "ip-name"
              }
            ],
            "private_ip": "10.0.11.197",
            "public_dns": "",
            "public_ip": "",
            "root_block_device": [
              {
                "delete_on_termination": true,
                "device_name": "/dev/sda1",
                "encrypted": false,
                "iops": 100,
                "kms_key_id": "",
                "tags": {},
                "tags_all": {},
                "throughput": 0,
                "volume_id": "vol-068da7e03147f8571",
                "volume_size": 10,
                "volume_type": "gp2"
              }
            ],
            "secondary_private_ips": [],
            "security_groups": [],
            "source_dest_check": true,
            "spot_instance_request_id": "",
            "subnet_id": "subnet-006e79ced74d90d5e",
            "tags": {
              "Component": "cart",
              "Environment": "dev",
              "Name": "roboshop-dev-cart",
              "Project": "roboshop",
              "Terraform": "true"
            },
            "tags_all": {
              "Component": "cart",
              "Environment": "dev",
              "Name": "roboshop-dev-cart",
              "Project": "roboshop",
              "Terraform": "true"
            },
            "tenancy": "default",
            "timeouts": {
              "create": null,
              "delete": null,
              "read": null,
              "update": null
            },
            "user_data": null,
            "user_data_base64": null,
            "user_data_replace_on_change": false,
            "volume_tags": {
              "Name": "roboshop-dev-cart"
            },
            "vpc_security_group_ids": [
              "sg-0c7bd4188aa71f491"
            ]
          },
          "sensitive_attributes": [
            [
              {
                "type": "get_attr",
                "value": "subnet_id"
              }
            ],
            [
              {
                "type": "get_attr",
                "value": "vpc_security_group_ids"
              }
            ]
          ],
          "private": "eyJlMmJmYjczMC1lY2FhLTExZTYtOGY4OC0zNDM2M2JjN2M0YzAiOnsiY3JlYXRlIjo2MDAwMDAwMDAwMDAsImRlbGV0ZSI6MTIwMDAwMDAwMDAwMCwicmVhZCI6OTAwMDAwMDAwMDAwLCJ1cGRhdGUiOjYwMDAwMDAwMDAwMH0sInNjaGVtYV92ZXJzaW9uIjoiMSJ9",
          "dependencies": [
            "data.aws_ssm_parameter.cart-security_group_id",
            "data.aws_ssm_parameter.private_subnet_id",
            "module.cart.data.aws_ami.centos8",
            "module.cart.module.Component.aws_iam_instance_profile.this",
            "module.cart.module.Component.aws_iam_role.this",
            "module.cart.module.Component.data.aws_iam_policy_document.assume_role_policy",
            "module.cart.module.Component.data.aws_partition.current",
            "module.cart.module.Component.data.aws_ssm_parameter.this"
          ]
        }
      ]
    },
    {
      "module": "module.cart.module.Component",
      "mode": "managed",
      "type": "aws_spot_instance_request",
      "name": "this",
      "provider": "provider[\"registry.terraform.io/hashicorp/aws\"]",
      "instances": []
    }
  ],
  "check_results": null
}
